
Microsoft Visual Studio Solution File, Format Version 12.00
# Visual Studio 15
VisualStudioVersion = 15.0.27703.2042
MinimumVisualStudioVersion = 10.0.40219.1
Project("{FAE04EC0-301F-11D3-BF4B-00C04F79EFBC}") = "validations", "validations\validations.csproj", "{ACCF3AF0-7D49-491C-84BA-9984799F1775}"
EndProject
Global
	GlobalSection(SolutionConfigurationPlatforms) = preSolution
		Debug|Any CPU = Debug|Any CPU
		Release|Any CPU = Release|Any CPU
	EndGlobalSection
	GlobalSection(ProjectConfigurationPlatforms) = postSolution
		{ACCF3AF0-7D49-491C-84BA-9984799F1775}.Debug|Any CPU.ActiveCfg = Debug|Any CPU
		{ACCF3AF0-7D49-491C-84BA-9984799F1775}.Debug|Any CPU.Build.0 = Debug|Any CPU
		{ACCF3AF0-7D49-491C-84BA-9984799F1775}.Release|Any CPU.ActiveCfg = Release|Any CPU
		{ACCF3AF0-7D49-491C-84BA-9984799F1775}.Release|Any CPU.Build.0 = Release|Any CPU
	EndGlobalSection
	GlobalSection(SolutionProperties) = preSolution
		HideSolutionNode = FALSE
	EndGlobalSection
	GlobalSection(ExtensibilityGlobals) = postSolution
		SolutionGuid = {E1532A60-9F38-4C76-AE43-6F5932321AC8}
	EndGlobalSection
EndGlobal
